
Microsoft Visual Studio Solution File, Format Version 12.00
# Visual Studio Version 17
VisualStudioVersion = 17.0.31903.59
MinimumVisualStudioVersion = 10.0.40219.1
Project("{FAE04EC0-301F-11D3-BF4B-00C04F79EFBC}") = "Strayhorn.Model", "Strayhorn.Model\Strayhorn.Model.csproj", "{E850AC9E-8E32-4550-B423-96A7F546E2A5}"
EndProject
Project("{FAE04EC0-301F-11D3-BF4B-00C04F79EFBC}") = "Strayhorn.Tests", "Strayhorn.Tests\Strayhorn.Tests.csproj", "{8DA6E1D3-97A3-4EE4-8FAE-7EE2F215E1D2}"
EndProject
Project("{FAE04EC0-301F-11D3-BF4B-00C04F79EFBC}") = "Strayhorn.Console", "Strayhorn.Console\Strayhorn.Console.csproj", "{DBD166E9-0C85-41D9-96F0-DC97B8EBDB18}"
EndProject
Global
	GlobalSection(SolutionConfigurationPlatforms) = preSolution
		Debug|Any CPU = Debug|Any CPU
		Release|Any CPU = Release|Any CPU
	EndGlobalSection
	GlobalSection(SolutionProperties) = preSolution
		HideSolutionNode = FALSE
	EndGlobalSection
	GlobalSection(ProjectConfigurationPlatforms) = postSolution
		{E850AC9E-8E32-4550-B423-96A7F546E2A5}.Debug|Any CPU.ActiveCfg = Debug|Any CPU
		{E850AC9E-8E32-4550-B423-96A7F546E2A5}.Debug|Any CPU.Build.0 = Debug|Any CPU
		{E850AC9E-8E32-4550-B423-96A7F546E2A5}.Release|Any CPU.ActiveCfg = Release|Any CPU
		{E850AC9E-8E32-4550-B423-96A7F546E2A5}.Release|Any CPU.Build.0 = Release|Any CPU
		{8DA6E1D3-97A3-4EE4-8FAE-7EE2F215E1D2}.Debug|Any CPU.ActiveCfg = Debug|Any CPU
		{8DA6E1D3-97A3-4EE4-8FAE-7EE2F215E1D2}.Debug|Any CPU.Build.0 = Debug|Any CPU
		{8DA6E1D3-97A3-4EE4-8FAE-7EE2F215E1D2}.Release|Any CPU.ActiveCfg = Release|Any CPU
		{8DA6E1D3-97A3-4EE4-8FAE-7EE2F215E1D2}.Release|Any CPU.Build.0 = Release|Any CPU
		{DBD166E9-0C85-41D9-96F0-DC97B8EBDB18}.Debug|Any CPU.ActiveCfg = Debug|Any CPU
		{DBD166E9-0C85-41D9-96F0-DC97B8EBDB18}.Debug|Any CPU.Build.0 = Debug|Any CPU
		{DBD166E9-0C85-41D9-96F0-DC97B8EBDB18}.Release|Any CPU.ActiveCfg = Release|Any CPU
		{DBD166E9-0C85-41D9-96F0-DC97B8EBDB18}.Release|Any CPU.Build.0 = Release|Any CPU
	EndGlobalSection
EndGlobal
